
Microsoft Visual Studio Solution File, Format Version 12.00
# Visual Studio Version 17
VisualStudioVersion = 17.9.34728.123
MinimumVisualStudioVersion = 10.0.40219.1
Project("{2150E333-8FDC-42A3-9474-1A3956D46DE8}") = "Modules", "Modules", "{F534F962-AAAE-40EE-A35B-555FE873652D}"
EndProject
Project("{2150E333-8FDC-42A3-9474-1A3956D46DE8}") = "Bootstrapper", "Bootstrapper", "{E4A45675-315E-47C7-B78A-C18A232E1ED2}"
EndProject
Project("{2150E333-8FDC-42A3-9474-1A3956D46DE8}") = "Shared", "Shared", "{58ECD902-1531-469B-AF92-68B2C1AFE6B6}"
EndProject
Project("{FAE04EC0-301F-11D3-BF4B-00C04F79EFBC}") = "Api", "Bootstrapper\Api\Api.csproj", "{D7129832-3A8B-4964-86C9-34B542F16E67}"
EndProject
Project("{2150E333-8FDC-42A3-9474-1A3956D46DE8}") = "Movies", "Movies", "{4CB57319-4B45-0F0F-B06A-3305A4AB39B8}"
EndProject
Project("{FAE04EC0-301F-11D3-BF4B-00C04F79EFBC}") = "Movies.Domain", "Modules\Movies\Movies.Domain\Movies.Domain.csproj", "{EE521699-9405-4A02-BB15-CE70B6C777F6}"
EndProject
Project("{FAE04EC0-301F-11D3-BF4B-00C04F79EFBC}") = "Movies.Application", "Modules\Movies\Movies.Application\Movies.Application.csproj", "{BE401840-101F-408B-9941-746938B160EF}"
EndProject
Project("{FAE04EC0-301F-11D3-BF4B-00C04F79EFBC}") = "Movies.Infrastructure", "Modules\Movies\Movies.Infrastructure\Movies.Infrastructure.csproj", "{63DD0E8A-A939-44AE-ABE3-27265B93572D}"
EndProject
Project("{FAE04EC0-301F-11D3-BF4B-00C04F79EFBC}") = "Movies.Presentation", "Modules\Movies\Movies.Presentation\Movies.Presentation.csproj", "{E8386D6F-B44D-44B5-B8E4-E3B347DF3B6D}"
EndProject
Project("{FAE04EC0-301F-11D3-BF4B-00C04F79EFBC}") = "Abstractions", "Shared\Abstractions\Abstractions.csproj", "{CA668CC8-0583-4936-A618-19BF2B21A37F}"
EndProject
Project("{2150E333-8FDC-42A3-9474-1A3956D46DE8}") = "Asientos", "Asientos", "{195FA79E-F58A-6727-D9F1-353F0F3DAA10}"
EndProject
Project("{FAE04EC0-301F-11D3-BF4B-00C04F79EFBC}") = "Asientos.Application", "Modules\Asientos\Asientos.Application\Asientos.Application.csproj", "{683E4486-FBB7-4D30-893E-6EC8C3B73DCA}"
EndProject
Project("{FAE04EC0-301F-11D3-BF4B-00C04F79EFBC}") = "Asientos.Domain", "Modules\Asientos\Asientos.Domain\Asientos.Domain.csproj", "{368783A1-C5CF-4A66-B2B7-AF95696228DC}"
EndProject
Project("{FAE04EC0-301F-11D3-BF4B-00C04F79EFBC}") = "Asientos.Infrastructure", "Modules\Asientos\Asientos.Infrastructure\Asientos.Infrastructure.csproj", "{09E5BB05-59A1-4208-B80B-3FFB8E4DC2B5}"
EndProject
Project("{FAE04EC0-301F-11D3-BF4B-00C04F79EFBC}") = "Asientos.Presentation", "Modules\Asientos\Asientos.Presentation\Asientos.Presentation.csproj", "{D65B596F-4375-4077-A966-36B3074963EC}"
EndProject
Project("{2150E333-8FDC-42A3-9474-1A3956D46DE8}") = "Horarios", "Horarios", "{FB291D4F-C7AB-5F26-60A6-57BB05F33F3F}"
EndProject
Project("{FAE04EC0-301F-11D3-BF4B-00C04F79EFBC}") = "Horarios.Application", "Modules\Horarios\Horarios.Application\Horarios.Application.csproj", "{72432406-9AD4-4588-8AE3-A7B0121A7227}"
EndProject
Project("{FAE04EC0-301F-11D3-BF4B-00C04F79EFBC}") = "Horarios.Domain", "Modules\Horarios\Horarios.Domain\Horarios.Domain.csproj", "{768E22D3-25E6-4121-9F08-45F5CD603E9B}"
EndProject
Project("{FAE04EC0-301F-11D3-BF4B-00C04F79EFBC}") = "Horarios.Infrastructure", "Modules\Horarios\Horarios.Infrastructure\Horarios.Infrastructure.csproj", "{615068FC-34E2-4680-BCFB-67E95276550D}"
EndProject
Project("{FAE04EC0-301F-11D3-BF4B-00C04F79EFBC}") = "Horarios.Presentation", "Modules\Horarios\Horarios.Presentation\Horarios.Presentation.csproj", "{DC49EBA1-56FE-492C-958E-CDB8E35DD262}"
EndProject
Project("{2150E333-8FDC-42A3-9474-1A3956D46DE8}") = "ListaPrecios", "ListaPrecios", "{D8674760-8D82-DEC7-B480-99105B97EDC3}"
EndProject
Project("{FAE04EC0-301F-11D3-BF4B-00C04F79EFBC}") = "ListaPrecios.Application", "Modules\ListaPrecios\ListaPrecios.Application\ListaPrecios.Application.csproj", "{3DC3DF70-980B-46C0-9F19-179677AE6ECE}"
EndProject
Project("{FAE04EC0-301F-11D3-BF4B-00C04F79EFBC}") = "ListaPrecios.Domain", "Modules\ListaPrecios\ListaPrecios.Domain\ListaPrecios.Domain.csproj", "{0D95F247-9626-4178-9FE3-D612CAC9D7DE}"
EndProject
Project("{FAE04EC0-301F-11D3-BF4B-00C04F79EFBC}") = "ListaPrecios.Infrastructure", "Modules\ListaPrecios\ListaPrecios.Infrastructure\ListaPrecios.Infrastructure.csproj", "{7D867719-EEDD-47B3-8E06-DE266E83F6F4}"
EndProject
Project("{FAE04EC0-301F-11D3-BF4B-00C04F79EFBC}") = "ListaPrecios.Presentation", "Modules\ListaPrecios\ListaPrecios.Presentation\ListaPrecios.Presentation.csproj", "{2B8EDD05-F2B8-4659-BAFE-ADAD455B4F60}"
EndProject
Project("{FAE04EC0-301F-11D3-BF4B-00C04F79EFBC}") = "Reservas.Application", "Modules\Reservas\Reservas.Application\Reservas.Application.csproj", "{6AED2A6A-F2C5-48E0-975D-E6B5B4533AA3}"
EndProject
Project("{FAE04EC0-301F-11D3-BF4B-00C04F79EFBC}") = "Reservas.Domain", "Modules\Reservas\Reservas.Domain\Reservas.Domain.csproj", "{16AEA5A1-2CE2-402B-874C-1A3DDAFFCB9F}"
EndProject
Project("{FAE04EC0-301F-11D3-BF4B-00C04F79EFBC}") = "Reservas.Infrastructure", "Modules\Reservas\Reservas.Infrastructure\Reservas.Infrastructure.csproj", "{0CE9AC55-CF7D-4039-AFD0-6E91912149AC}"
EndProject
Project("{FAE04EC0-301F-11D3-BF4B-00C04F79EFBC}") = "Reservas.Presentation", "Modules\Reservas\Reservas.Presentation\Reservas.Presentation.csproj", "{84219D48-8354-4006-A4A4-706834677CF1}"
EndProject
Project("{FAE04EC0-301F-11D3-BF4B-00C04F79EFBC}") = "Salas.Application", "Modules\Salas\Salas.Application\Salas.Application.csproj", "{7341B641-7654-403B-849C-5A055F373253}"
EndProject
Project("{FAE04EC0-301F-11D3-BF4B-00C04F79EFBC}") = "Salas.Domain", "Modules\Salas\Salas.Domain\Salas.Domain.csproj", "{CFB6A89E-4534-4E62-8DB1-78558CC6FD54}"
EndProject
Project("{FAE04EC0-301F-11D3-BF4B-00C04F79EFBC}") = "Salas.Infrastructure", "Modules\Salas\Salas.Infrastructure\Salas.Infrastructure.csproj", "{D1314C19-E37E-4A4F-8DF7-E5868877A324}"
EndProject
Project("{FAE04EC0-301F-11D3-BF4B-00C04F79EFBC}") = "Salas.Presentation", "Modules\Salas\Salas.Presentation\Salas.Presentation.csproj", "{601914D2-F1D3-429A-A3EF-2ABE1F1D79F4}"
EndProject
Project("{FAE04EC0-301F-11D3-BF4B-00C04F79EFBC}") = "Tickets.Application", "Modules\Tickets\Tickets.Application\Tickets.Application.csproj", "{EE34A260-1340-4E81-B583-2A82EC610FAA}"
EndProject
Project("{FAE04EC0-301F-11D3-BF4B-00C04F79EFBC}") = "Tickets.Domain", "Modules\Tickets\Tickets.Domain\Tickets.Domain.csproj", "{DCBD1375-018B-4159-AE55-0024F4A1E7DF}"
EndProject
Project("{FAE04EC0-301F-11D3-BF4B-00C04F79EFBC}") = "Tickets.Infrastructure", "Modules\Tickets\Tickets.Infrastructure\Tickets.Infrastructure.csproj", "{2526A09E-8A87-4349-8A7D-8298E666C8A2}"
EndProject
Project("{FAE04EC0-301F-11D3-BF4B-00C04F79EFBC}") = "Tickets.Presentation", "Modules\Tickets\Tickets.Presentation\Tickets.Presentation.csproj", "{A2380EC2-ADFF-48CD-8F36-5250B66CFFB1}"
EndProject
Project("{2150E333-8FDC-42A3-9474-1A3956D46DE8}") = "Reservas", "Reservas", "{02EA681E-C7D8-13C7-8484-4AC65E1B71E8}"
EndProject
Project("{2150E333-8FDC-42A3-9474-1A3956D46DE8}") = "Salas", "Salas", "{A8A18466-797A-44AB-B765-E1675C1F3B2F}"
EndProject
Project("{2150E333-8FDC-42A3-9474-1A3956D46DE8}") = "Tickets", "Tickets", "{939481DD-7DA0-4431-A4D7-1E0E117EEB03}"
EndProject
Global
	GlobalSection(SolutionConfigurationPlatforms) = preSolution
		Debug|Any CPU = Debug|Any CPU
		Debug|x64 = Debug|x64
		Debug|x86 = Debug|x86
		Release|Any CPU = Release|Any CPU
		Release|x64 = Release|x64
		Release|x86 = Release|x86
	EndGlobalSection
	GlobalSection(ProjectConfigurationPlatforms) = postSolution
		{D7129832-3A8B-4964-86C9-34B542F16E67}.Debug|Any CPU.ActiveCfg = Debug|Any CPU
		{D7129832-3A8B-4964-86C9-34B542F16E67}.Debug|Any CPU.Build.0 = Debug|Any CPU
		{D7129832-3A8B-4964-86C9-34B542F16E67}.Debug|x64.ActiveCfg = Debug|Any CPU
		{D7129832-3A8B-4964-86C9-34B542F16E67}.Debug|x64.Build.0 = Debug|Any CPU
		{D7129832-3A8B-4964-86C9-34B542F16E67}.Debug|x86.ActiveCfg = Debug|Any CPU
		{D7129832-3A8B-4964-86C9-34B542F16E67}.Debug|x86.Build.0 = Debug|Any CPU
		{D7129832-3A8B-4964-86C9-34B542F16E67}.Release|Any CPU.ActiveCfg = Release|Any CPU
		{D7129832-3A8B-4964-86C9-34B542F16E67}.Release|Any CPU.Build.0 = Release|Any CPU
		{D7129832-3A8B-4964-86C9-34B542F16E67}.Release|x64.ActiveCfg = Release|Any CPU
		{D7129832-3A8B-4964-86C9-34B542F16E67}.Release|x64.Build.0 = Release|Any CPU
		{D7129832-3A8B-4964-86C9-34B542F16E67}.Release|x86.ActiveCfg = Release|Any CPU
		{D7129832-3A8B-4964-86C9-34B542F16E67}.Release|x86.Build.0 = Release|Any CPU
		{EE521699-9405-4A02-BB15-CE70B6C777F6}.Debug|Any CPU.ActiveCfg = Debug|Any CPU
		{EE521699-9405-4A02-BB15-CE70B6C777F6}.Debug|Any CPU.Build.0 = Debug|Any CPU
		{EE521699-9405-4A02-BB15-CE70B6C777F6}.Debug|x64.ActiveCfg = Debug|Any CPU
		{EE521699-9405-4A02-BB15-CE70B6C777F6}.Debug|x64.Build.0 = Debug|Any CPU
		{EE521699-9405-4A02-BB15-CE70B6C777F6}.Debug|x86.ActiveCfg = Debug|Any CPU
		{EE521699-9405-4A02-BB15-CE70B6C777F6}.Debug|x86.Build.0 = Debug|Any CPU
		{EE521699-9405-4A02-BB15-CE70B6C777F6}.Release|Any CPU.ActiveCfg = Release|Any CPU
		{EE521699-9405-4A02-BB15-CE70B6C777F6}.Release|Any CPU.Build.0 = Release|Any CPU
		{EE521699-9405-4A02-BB15-CE70B6C777F6}.Release|x64.ActiveCfg = Release|Any CPU
		{EE521699-9405-4A02-BB15-CE70B6C777F6}.Release|x64.Build.0 = Release|Any CPU
		{EE521699-9405-4A02-BB15-CE70B6C777F6}.Release|x86.ActiveCfg = Release|Any CPU
		{EE521699-9405-4A02-BB15-CE70B6C777F6}.Release|x86.Build.0 = Release|Any CPU
		{BE401840-101F-408B-9941-746938B160EF}.Debug|Any CPU.ActiveCfg = Debug|Any CPU
		{BE401840-101F-408B-9941-746938B160EF}.Debug|Any CPU.Build.0 = Debug|Any CPU
		{BE401840-101F-408B-9941-746938B160EF}.Debug|x64.ActiveCfg = Debug|Any CPU
		{BE401840-101F-408B-9941-746938B160EF}.Debug|x64.Build.0 = Debug|Any CPU
		{BE401840-101F-408B-9941-746938B160EF}.Debug|x86.ActiveCfg = Debug|Any CPU
		{BE401840-101F-408B-9941-746938B160EF}.Debug|x86.Build.0 = Debug|Any CPU
		{BE401840-101F-408B-9941-746938B160EF}.Release|Any CPU.ActiveCfg = Release|Any CPU
		{BE401840-101F-408B-9941-746938B160EF}.Release|Any CPU.Build.0 = Release|Any CPU
		{BE401840-101F-408B-9941-746938B160EF}.Release|x64.ActiveCfg = Release|Any CPU
		{BE401840-101F-408B-9941-746938B160EF}.Release|x64.Build.0 = Release|Any CPU
		{BE401840-101F-408B-9941-746938B160EF}.Release|x86.ActiveCfg = Release|Any CPU
		{BE401840-101F-408B-9941-746938B160EF}.Release|x86.Build.0 = Release|Any CPU
		{63DD0E8A-A939-44AE-ABE3-27265B93572D}.Debug|Any CPU.ActiveCfg = Debug|Any CPU
		{63DD0E8A-A939-44AE-ABE3-27265B93572D}.Debug|Any CPU.Build.0 = Debug|Any CPU
		{63DD0E8A-A939-44AE-ABE3-27265B93572D}.Debug|x64.ActiveCfg = Debug|Any CPU
		{63DD0E8A-A939-44AE-ABE3-27265B93572D}.Debug|x64.Build.0 = Debug|Any CPU
		{63DD0E8A-A939-44AE-ABE3-27265B93572D}.Debug|x86.ActiveCfg = Debug|Any CPU
		{63DD0E8A-A939-44AE-ABE3-27265B93572D}.Debug|x86.Build.0 = Debug|Any CPU
		{63DD0E8A-A939-44AE-ABE3-27265B93572D}.Release|Any CPU.ActiveCfg = Release|Any CPU
		{63DD0E8A-A939-44AE-ABE3-27265B93572D}.Release|Any CPU.Build.0 = Release|Any CPU
		{63DD0E8A-A939-44AE-ABE3-27265B93572D}.Release|x64.ActiveCfg = Release|Any CPU
		{63DD0E8A-A939-44AE-ABE3-27265B93572D}.Release|x64.Build.0 = Release|Any CPU
		{63DD0E8A-A939-44AE-ABE3-27265B93572D}.Release|x86.ActiveCfg = Release|Any CPU
		{63DD0E8A-A939-44AE-ABE3-27265B93572D}.Release|x86.Build.0 = Release|Any CPU
		{E8386D6F-B44D-44B5-B8E4-E3B347DF3B6D}.Debug|Any CPU.ActiveCfg = Debug|Any CPU
		{E8386D6F-B44D-44B5-B8E4-E3B347DF3B6D}.Debug|Any CPU.Build.0 = Debug|Any CPU
		{E8386D6F-B44D-44B5-B8E4-E3B347DF3B6D}.Debug|x64.ActiveCfg = Debug|Any CPU
		{E8386D6F-B44D-44B5-B8E4-E3B347DF3B6D}.Debug|x64.Build.0 = Debug|Any CPU
		{E8386D6F-B44D-44B5-B8E4-E3B347DF3B6D}.Debug|x86.ActiveCfg = Debug|Any CPU
		{E8386D6F-B44D-44B5-B8E4-E3B347DF3B6D}.Debug|x86.Build.0 = Debug|Any CPU
		{E8386D6F-B44D-44B5-B8E4-E3B347DF3B6D}.Release|Any CPU.ActiveCfg = Release|Any CPU
		{E8386D6F-B44D-44B5-B8E4-E3B347DF3B6D}.Release|Any CPU.Build.0 = Release|Any CPU
		{E8386D6F-B44D-44B5-B8E4-E3B347DF3B6D}.Release|x64.ActiveCfg = Release|Any CPU
		{E8386D6F-B44D-44B5-B8E4-E3B347DF3B6D}.Release|x64.Build.0 = Release|Any CPU
		{E8386D6F-B44D-44B5-B8E4-E3B347DF3B6D}.Release|x86.ActiveCfg = Release|Any CPU
		{E8386D6F-B44D-44B5-B8E4-E3B347DF3B6D}.Release|x86.Build.0 = Release|Any CPU
		{CA668CC8-0583-4936-A618-19BF2B21A37F}.Debug|Any CPU.ActiveCfg = Debug|Any CPU
		{CA668CC8-0583-4936-A618-19BF2B21A37F}.Debug|Any CPU.Build.0 = Debug|Any CPU
		{CA668CC8-0583-4936-A618-19BF2B21A37F}.Debug|x64.ActiveCfg = Debug|Any CPU
		{CA668CC8-0583-4936-A618-19BF2B21A37F}.Debug|x64.Build.0 = Debug|Any CPU
		{CA668CC8-0583-4936-A618-19BF2B21A37F}.Debug|x86.ActiveCfg = Debug|Any CPU
		{CA668CC8-0583-4936-A618-19BF2B21A37F}.Debug|x86.Build.0 = Debug|Any CPU
		{CA668CC8-0583-4936-A618-19BF2B21A37F}.Release|Any CPU.ActiveCfg = Release|Any CPU
		{CA668CC8-0583-4936-A618-19BF2B21A37F}.Release|Any CPU.Build.0 = Release|Any CPU
		{CA668CC8-0583-4936-A618-19BF2B21A37F}.Release|x64.ActiveCfg = Release|Any CPU
		{CA668CC8-0583-4936-A618-19BF2B21A37F}.Release|x64.Build.0 = Release|Any CPU
		{CA668CC8-0583-4936-A618-19BF2B21A37F}.Release|x86.ActiveCfg = Release|Any CPU
		{CA668CC8-0583-4936-A618-19BF2B21A37F}.Release|x86.Build.0 = Release|Any CPU
		{683E4486-FBB7-4D30-893E-6EC8C3B73DCA}.Debug|Any CPU.ActiveCfg = Debug|Any CPU
		{683E4486-FBB7-4D30-893E-6EC8C3B73DCA}.Debug|Any CPU.Build.0 = Debug|Any CPU
		{683E4486-FBB7-4D30-893E-6EC8C3B73DCA}.Debug|x64.ActiveCfg = Debug|Any CPU
		{683E4486-FBB7-4D30-893E-6EC8C3B73DCA}.Debug|x64.Build.0 = Debug|Any CPU
		{683E4486-FBB7-4D30-893E-6EC8C3B73DCA}.Debug|x86.ActiveCfg = Debug|Any CPU
		{683E4486-FBB7-4D30-893E-6EC8C3B73DCA}.Debug|x86.Build.0 = Debug|Any CPU
		{683E4486-FBB7-4D30-893E-6EC8C3B73DCA}.Release|Any CPU.ActiveCfg = Release|Any CPU
		{683E4486-FBB7-4D30-893E-6EC8C3B73DCA}.Release|Any CPU.Build.0 = Release|Any CPU
		{683E4486-FBB7-4D30-893E-6EC8C3B73DCA}.Release|x64.ActiveCfg = Release|Any CPU
		{683E4486-FBB7-4D30-893E-6EC8C3B73DCA}.Release|x64.Build.0 = Release|Any CPU
		{683E4486-FBB7-4D30-893E-6EC8C3B73DCA}.Release|x86.ActiveCfg = Release|Any CPU
		{683E4486-FBB7-4D30-893E-6EC8C3B73DCA}.Release|x86.Build.0 = Release|Any CPU
		{368783A1-C5CF-4A66-B2B7-AF95696228DC}.Debug|Any CPU.ActiveCfg = Debug|Any CPU
		{368783A1-C5CF-4A66-B2B7-AF95696228DC}.Debug|Any CPU.Build.0 = Debug|Any CPU
		{368783A1-C5CF-4A66-B2B7-AF95696228DC}.Debug|x64.ActiveCfg = Debug|Any CPU
		{368783A1-C5CF-4A66-B2B7-AF95696228DC}.Debug|x64.Build.0 = Debug|Any CPU
		{368783A1-C5CF-4A66-B2B7-AF95696228DC}.Debug|x86.ActiveCfg = Debug|Any CPU
		{368783A1-C5CF-4A66-B2B7-AF95696228DC}.Debug|x86.Build.0 = Debug|Any CPU
		{368783A1-C5CF-4A66-B2B7-AF95696228DC}.Release|Any CPU.ActiveCfg = Release|Any CPU
		{368783A1-C5CF-4A66-B2B7-AF95696228DC}.Release|Any CPU.Build.0 = Release|Any CPU
		{368783A1-C5CF-4A66-B2B7-AF95696228DC}.Release|x64.ActiveCfg = Release|Any CPU
		{368783A1-C5CF-4A66-B2B7-AF95696228DC}.Release|x64.Build.0 = Release|Any CPU
		{368783A1-C5CF-4A66-B2B7-AF95696228DC}.Release|x86.ActiveCfg = Release|Any CPU
		{368783A1-C5CF-4A66-B2B7-AF95696228DC}.Release|x86.Build.0 = Release|Any CPU
		{09E5BB05-59A1-4208-B80B-3FFB8E4DC2B5}.Debug|Any CPU.ActiveCfg = Debug|Any CPU
		{09E5BB05-59A1-4208-B80B-3FFB8E4DC2B5}.Debug|Any CPU.Build.0 = Debug|Any CPU
		{09E5BB05-59A1-4208-B80B-3FFB8E4DC2B5}.Debug|x64.ActiveCfg = Debug|Any CPU
		{09E5BB05-59A1-4208-B80B-3FFB8E4DC2B5}.Debug|x64.Build.0 = Debug|Any CPU
		{09E5BB05-59A1-4208-B80B-3FFB8E4DC2B5}.Debug|x86.ActiveCfg = Debug|Any CPU
		{09E5BB05-59A1-4208-B80B-3FFB8E4DC2B5}.Debug|x86.Build.0 = Debug|Any CPU
		{09E5BB05-59A1-4208-B80B-3FFB8E4DC2B5}.Release|Any CPU.ActiveCfg = Release|Any CPU
		{09E5BB05-59A1-4208-B80B-3FFB8E4DC2B5}.Release|Any CPU.Build.0 = Release|Any CPU
		{09E5BB05-59A1-4208-B80B-3FFB8E4DC2B5}.Release|x64.ActiveCfg = Release|Any CPU
		{09E5BB05-59A1-4208-B80B-3FFB8E4DC2B5}.Release|x64.Build.0 = Release|Any CPU
		{09E5BB05-59A1-4208-B80B-3FFB8E4DC2B5}.Release|x86.ActiveCfg = Release|Any CPU
		{09E5BB05-59A1-4208-B80B-3FFB8E4DC2B5}.Release|x86.Build.0 = Release|Any CPU
		{D65B596F-4375-4077-A966-36B3074963EC}.Debug|Any CPU.ActiveCfg = Debug|Any CPU
		{D65B596F-4375-4077-A966-36B3074963EC}.Debug|Any CPU.Build.0 = Debug|Any CPU
		{D65B596F-4375-4077-A966-36B3074963EC}.Debug|x64.ActiveCfg = Debug|Any CPU
		{D65B596F-4375-4077-A966-36B3074963EC}.Debug|x64.Build.0 = Debug|Any CPU
		{D65B596F-4375-4077-A966-36B3074963EC}.Debug|x86.ActiveCfg = Debug|Any CPU
		{D65B596F-4375-4077-A966-36B3074963EC}.Debug|x86.Build.0 = Debug|Any CPU
		{D65B596F-4375-4077-A966-36B3074963EC}.Release|Any CPU.ActiveCfg = Release|Any CPU
		{D65B596F-4375-4077-A966-36B3074963EC}.Release|Any CPU.Build.0 = Release|Any CPU
		{D65B596F-4375-4077-A966-36B3074963EC}.Release|x64.ActiveCfg = Release|Any CPU
		{D65B596F-4375-4077-A966-36B3074963EC}.Release|x64.Build.0 = Release|Any CPU
		{D65B596F-4375-4077-A966-36B3074963EC}.Release|x86.ActiveCfg = Release|Any CPU
		{D65B596F-4375-4077-A966-36B3074963EC}.Release|x86.Build.0 = Release|Any CPU
		{72432406-9AD4-4588-8AE3-A7B0121A7227}.Debug|Any CPU.ActiveCfg = Debug|Any CPU
		{72432406-9AD4-4588-8AE3-A7B0121A7227}.Debug|Any CPU.Build.0 = Debug|Any CPU
		{72432406-9AD4-4588-8AE3-A7B0121A7227}.Debug|x64.ActiveCfg = Debug|Any CPU
		{72432406-9AD4-4588-8AE3-A7B0121A7227}.Debug|x64.Build.0 = Debug|Any CPU
		{72432406-9AD4-4588-8AE3-A7B0121A7227}.Debug|x86.ActiveCfg = Debug|Any CPU
		{72432406-9AD4-4588-8AE3-A7B0121A7227}.Debug|x86.Build.0 = Debug|Any CPU
		{72432406-9AD4-4588-8AE3-A7B0121A7227}.Release|Any CPU.ActiveCfg = Release|Any CPU
		{72432406-9AD4-4588-8AE3-A7B0121A7227}.Release|Any CPU.Build.0 = Release|Any CPU
		{72432406-9AD4-4588-8AE3-A7B0121A7227}.Release|x64.ActiveCfg = Release|Any CPU
		{72432406-9AD4-4588-8AE3-A7B0121A7227}.Release|x64.Build.0 = Release|Any CPU
		{72432406-9AD4-4588-8AE3-A7B0121A7227}.Release|x86.ActiveCfg = Release|Any CPU
		{72432406-9AD4-4588-8AE3-A7B0121A7227}.Release|x86.Build.0 = Release|Any CPU
		{768E22D3-25E6-4121-9F08-45F5CD603E9B}.Debug|Any CPU.ActiveCfg = Debug|Any CPU
		{768E22D3-25E6-4121-9F08-45F5CD603E9B}.Debug|Any CPU.Build.0 = Debug|Any CPU
		{768E22D3-25E6-4121-9F08-45F5CD603E9B}.Debug|x64.ActiveCfg = Debug|Any CPU
		{768E22D3-25E6-4121-9F08-45F5CD603E9B}.Debug|x64.Build.0 = Debug|Any CPU
		{768E22D3-25E6-4121-9F08-45F5CD603E9B}.Debug|x86.ActiveCfg = Debug|Any CPU
		{768E22D3-25E6-4121-9F08-45F5CD603E9B}.Debug|x86.Build.0 = Debug|Any CPU
		{768E22D3-25E6-4121-9F08-45F5CD603E9B}.Release|Any CPU.ActiveCfg = Release|Any CPU
		{768E22D3-25E6-4121-9F08-45F5CD603E9B}.Release|Any CPU.Build.0 = Release|Any CPU
		{768E22D3-25E6-4121-9F08-45F5CD603E9B}.Release|x64.ActiveCfg = Release|Any CPU
		{768E22D3-25E6-4121-9F08-45F5CD603E9B}.Release|x64.Build.0 = Release|Any CPU
		{768E22D3-25E6-4121-9F08-45F5CD603E9B}.Release|x86.ActiveCfg = Release|Any CPU
		{768E22D3-25E6-4121-9F08-45F5CD603E9B}.Release|x86.Build.0 = Release|Any CPU
		{615068FC-34E2-4680-BCFB-67E95276550D}.Debug|Any CPU.ActiveCfg = Debug|Any CPU
		{615068FC-34E2-4680-BCFB-67E95276550D}.Debug|Any CPU.Build.0 = Debug|Any CPU
		{615068FC-34E2-4680-BCFB-67E95276550D}.Debug|x64.ActiveCfg = Debug|Any CPU
		{615068FC-34E2-4680-BCFB-67E95276550D}.Debug|x64.Build.0 = Debug|Any CPU
		{615068FC-34E2-4680-BCFB-67E95276550D}.Debug|x86.ActiveCfg = Debug|Any CPU
		{615068FC-34E2-4680-BCFB-67E95276550D}.Debug|x86.Build.0 = Debug|Any CPU
		{615068FC-34E2-4680-BCFB-67E95276550D}.Release|Any CPU.ActiveCfg = Release|Any CPU
		{615068FC-34E2-4680-BCFB-67E95276550D}.Release|Any CPU.Build.0 = Release|Any CPU
		{615068FC-34E2-4680-BCFB-67E95276550D}.Release|x64.ActiveCfg = Release|Any CPU
		{615068FC-34E2-4680-BCFB-67E95276550D}.Release|x64.Build.0 = Release|Any CPU
		{615068FC-34E2-4680-BCFB-67E95276550D}.Release|x86.ActiveCfg = Release|Any CPU
		{615068FC-34E2-4680-BCFB-67E95276550D}.Release|x86.Build.0 = Release|Any CPU
		{DC49EBA1-56FE-492C-958E-CDB8E35DD262}.Debug|Any CPU.ActiveCfg = Debug|Any CPU
		{DC49EBA1-56FE-492C-958E-CDB8E35DD262}.Debug|Any CPU.Build.0 = Debug|Any CPU
		{DC49EBA1-56FE-492C-958E-CDB8E35DD262}.Debug|x64.ActiveCfg = Debug|Any CPU
		{DC49EBA1-56FE-492C-958E-CDB8E35DD262}.Debug|x64.Build.0 = Debug|Any CPU
		{DC49EBA1-56FE-492C-958E-CDB8E35DD262}.Debug|x86.ActiveCfg = Debug|Any CPU
		{DC49EBA1-56FE-492C-958E-CDB8E35DD262}.Debug|x86.Build.0 = Debug|Any CPU
		{DC49EBA1-56FE-492C-958E-CDB8E35DD262}.Release|Any CPU.ActiveCfg = Release|Any CPU
		{DC49EBA1-56FE-492C-958E-CDB8E35DD262}.Release|Any CPU.Build.0 = Release|Any CPU
		{DC49EBA1-56FE-492C-958E-CDB8E35DD262}.Release|x64.ActiveCfg = Release|Any CPU
		{DC49EBA1-56FE-492C-958E-CDB8E35DD262}.Release|x64.Build.0 = Release|Any CPU
		{DC49EBA1-56FE-492C-958E-CDB8E35DD262}.Release|x86.ActiveCfg = Release|Any CPU
		{DC49EBA1-56FE-492C-958E-CDB8E35DD262}.Release|x86.Build.0 = Release|Any CPU
		{3DC3DF70-980B-46C0-9F19-179677AE6ECE}.Debug|Any CPU.ActiveCfg = Debug|Any CPU
		{3DC3DF70-980B-46C0-9F19-179677AE6ECE}.Debug|Any CPU.Build.0 = Debug|Any CPU
		{3DC3DF70-980B-46C0-9F19-179677AE6ECE}.Debug|x64.ActiveCfg = Debug|Any CPU
		{3DC3DF70-980B-46C0-9F19-179677AE6ECE}.Debug|x64.Build.0 = Debug|Any CPU
		{3DC3DF70-980B-46C0-9F19-179677AE6ECE}.Debug|x86.ActiveCfg = Debug|Any CPU
		{3DC3DF70-980B-46C0-9F19-179677AE6ECE}.Debug|x86.Build.0 = Debug|Any CPU
		{3DC3DF70-980B-46C0-9F19-179677AE6ECE}.Release|Any CPU.ActiveCfg = Release|Any CPU
		{3DC3DF70-980B-46C0-9F19-179677AE6ECE}.Release|Any CPU.Build.0 = Release|Any CPU
		{3DC3DF70-980B-46C0-9F19-179677AE6ECE}.Release|x64.ActiveCfg = Release|Any CPU
		{3DC3DF70-980B-46C0-9F19-179677AE6ECE}.Release|x64.Build.0 = Release|Any CPU
		{3DC3DF70-980B-46C0-9F19-179677AE6ECE}.Release|x86.ActiveCfg = Release|Any CPU
		{3DC3DF70-980B-46C0-9F19-179677AE6ECE}.Release|x86.Build.0 = Release|Any CPU
		{0D95F247-9626-4178-9FE3-D612CAC9D7DE}.Debug|Any CPU.ActiveCfg = Debug|Any CPU
		{0D95F247-9626-4178-9FE3-D612CAC9D7DE}.Debug|Any CPU.Build.0 = Debug|Any CPU
		{0D95F247-9626-4178-9FE3-D612CAC9D7DE}.Debug|x64.ActiveCfg = Debug|Any CPU
		{0D95F247-9626-4178-9FE3-D612CAC9D7DE}.Debug|x64.Build.0 = Debug|Any CPU
		{0D95F247-9626-4178-9FE3-D612CAC9D7DE}.Debug|x86.ActiveCfg = Debug|Any CPU
		{0D95F247-9626-4178-9FE3-D612CAC9D7DE}.Debug|x86.Build.0 = Debug|Any CPU
		{0D95F247-9626-4178-9FE3-D612CAC9D7DE}.Release|Any CPU.ActiveCfg = Release|Any CPU
		{0D95F247-9626-4178-9FE3-D612CAC9D7DE}.Release|Any CPU.Build.0 = Release|Any CPU
		{0D95F247-9626-4178-9FE3-D612CAC9D7DE}.Release|x64.ActiveCfg = Release|Any CPU
		{0D95F247-9626-4178-9FE3-D612CAC9D7DE}.Release|x64.Build.0 = Release|Any CPU
		{0D95F247-9626-4178-9FE3-D612CAC9D7DE}.Release|x86.ActiveCfg = Release|Any CPU
		{0D95F247-9626-4178-9FE3-D612CAC9D7DE}.Release|x86.Build.0 = Release|Any CPU
		{7D867719-EEDD-47B3-8E06-DE266E83F6F4}.Debug|Any CPU.ActiveCfg = Debug|Any CPU
		{7D867719-EEDD-47B3-8E06-DE266E83F6F4}.Debug|Any CPU.Build.0 = Debug|Any CPU
		{7D867719-EEDD-47B3-8E06-DE266E83F6F4}.Debug|x64.ActiveCfg = Debug|Any CPU
		{7D867719-EEDD-47B3-8E06-DE266E83F6F4}.Debug|x64.Build.0 = Debug|Any CPU
		{7D867719-EEDD-47B3-8E06-DE266E83F6F4}.Debug|x86.ActiveCfg = Debug|Any CPU
		{7D867719-EEDD-47B3-8E06-DE266E83F6F4}.Debug|x86.Build.0 = Debug|Any CPU
		{7D867719-EEDD-47B3-8E06-DE266E83F6F4}.Release|Any CPU.ActiveCfg = Release|Any CPU
		{7D867719-EEDD-47B3-8E06-DE266E83F6F4}.Release|Any CPU.Build.0 = Release|Any CPU
		{7D867719-EEDD-47B3-8E06-DE266E83F6F4}.Release|x64.ActiveCfg = Release|Any CPU
		{7D867719-EEDD-47B3-8E06-DE266E83F6F4}.Release|x64.Build.0 = Release|Any CPU
		{7D867719-EEDD-47B3-8E06-DE266E83F6F4}.Release|x86.ActiveCfg = Release|Any CPU
		{7D867719-EEDD-47B3-8E06-DE266E83F6F4}.Release|x86.Build.0 = Release|Any CPU
		{2B8EDD05-F2B8-4659-BAFE-ADAD455B4F60}.Debug|Any CPU.ActiveCfg = Debug|Any CPU
		{2B8EDD05-F2B8-4659-BAFE-ADAD455B4F60}.Debug|Any CPU.Build.0 = Debug|Any CPU
		{2B8EDD05-F2B8-4659-BAFE-ADAD455B4F60}.Debug|x64.ActiveCfg = Debug|Any CPU
		{2B8EDD05-F2B8-4659-BAFE-ADAD455B4F60}.Debug|x64.Build.0 = Debug|Any CPU
		{2B8EDD05-F2B8-4659-BAFE-ADAD455B4F60}.Debug|x86.ActiveCfg = Debug|Any CPU
		{2B8EDD05-F2B8-4659-BAFE-ADAD455B4F60}.Debug|x86.Build.0 = Debug|Any CPU
		{2B8EDD05-F2B8-4659-BAFE-ADAD455B4F60}.Release|Any CPU.ActiveCfg = Release|Any CPU
		{2B8EDD05-F2B8-4659-BAFE-ADAD455B4F60}.Release|Any CPU.Build.0 = Release|Any CPU
		{2B8EDD05-F2B8-4659-BAFE-ADAD455B4F60}.Release|x64.ActiveCfg = Release|Any CPU
		{2B8EDD05-F2B8-4659-BAFE-ADAD455B4F60}.Release|x64.Build.0 = Release|Any CPU
		{2B8EDD05-F2B8-4659-BAFE-ADAD455B4F60}.Release|x86.ActiveCfg = Release|Any CPU
		{2B8EDD05-F2B8-4659-BAFE-ADAD455B4F60}.Release|x86.Build.0 = Release|Any CPU
		{6AED2A6A-F2C5-48E0-975D-E6B5B4533AA3}.Debug|Any CPU.ActiveCfg = Debug|Any CPU
		{6AED2A6A-F2C5-48E0-975D-E6B5B4533AA3}.Debug|Any CPU.Build.0 = Debug|Any CPU
		{6AED2A6A-F2C5-48E0-975D-E6B5B4533AA3}.Debug|x64.ActiveCfg = Debug|Any CPU
		{6AED2A6A-F2C5-48E0-975D-E6B5B4533AA3}.Debug|x64.Build.0 = Debug|Any CPU
		{6AED2A6A-F2C5-48E0-975D-E6B5B4533AA3}.Debug|x86.ActiveCfg = Debug|Any CPU
		{6AED2A6A-F2C5-48E0-975D-E6B5B4533AA3}.Debug|x86.Build.0 = Debug|Any CPU
		{6AED2A6A-F2C5-48E0-975D-E6B5B4533AA3}.Release|Any CPU.ActiveCfg = Release|Any CPU
		{6AED2A6A-F2C5-48E0-975D-E6B5B4533AA3}.Release|Any CPU.Build.0 = Release|Any CPU
		{6AED2A6A-F2C5-48E0-975D-E6B5B4533AA3}.Release|x64.ActiveCfg = Release|Any CPU
		{6AED2A6A-F2C5-48E0-975D-E6B5B4533AA3}.Release|x64.Build.0 = Release|Any CPU
		{6AED2A6A-F2C5-48E0-975D-E6B5B4533AA3}.Release|x86.ActiveCfg = Release|Any CPU
		{6AED2A6A-F2C5-48E0-975D-E6B5B4533AA3}.Release|x86.Build.0 = Release|Any CPU
		{16AEA5A1-2CE2-402B-874C-1A3DDAFFCB9F}.Debug|Any CPU.ActiveCfg = Debug|Any CPU
		{16AEA5A1-2CE2-402B-874C-1A3DDAFFCB9F}.Debug|Any CPU.Build.0 = Debug|Any CPU
		{16AEA5A1-2CE2-402B-874C-1A3DDAFFCB9F}.Debug|x64.ActiveCfg = Debug|Any CPU
		{16AEA5A1-2CE2-402B-874C-1A3DDAFFCB9F}.Debug|x64.Build.0 = Debug|Any CPU
		{16AEA5A1-2CE2-402B-874C-1A3DDAFFCB9F}.Debug|x86.ActiveCfg = Debug|Any CPU
		{16AEA5A1-2CE2-402B-874C-1A3DDAFFCB9F}.Debug|x86.Build.0 = Debug|Any CPU
		{16AEA5A1-2CE2-402B-874C-1A3DDAFFCB9F}.Release|Any CPU.ActiveCfg = Release|Any CPU
		{16AEA5A1-2CE2-402B-874C-1A3DDAFFCB9F}.Release|Any CPU.Build.0 = Release|Any CPU
		{16AEA5A1-2CE2-402B-874C-1A3DDAFFCB9F}.Release|x64.ActiveCfg = Release|Any CPU
		{16AEA5A1-2CE2-402B-874C-1A3DDAFFCB9F}.Release|x64.Build.0 = Release|Any CPU
		{16AEA5A1-2CE2-402B-874C-1A3DDAFFCB9F}.Release|x86.ActiveCfg = Release|Any CPU
		{16AEA5A1-2CE2-402B-874C-1A3DDAFFCB9F}.Release|x86.Build.0 = Release|Any CPU
		{0CE9AC55-CF7D-4039-AFD0-6E91912149AC}.Debug|Any CPU.ActiveCfg = Debug|Any CPU
		{0CE9AC55-CF7D-4039-AFD0-6E91912149AC}.Debug|Any CPU.Build.0 = Debug|Any CPU
		{0CE9AC55-CF7D-4039-AFD0-6E91912149AC}.Debug|x64.ActiveCfg = Debug|Any CPU
		{0CE9AC55-CF7D-4039-AFD0-6E91912149AC}.Debug|x64.Build.0 = Debug|Any CPU
		{0CE9AC55-CF7D-4039-AFD0-6E91912149AC}.Debug|x86.ActiveCfg = Debug|Any CPU
		{0CE9AC55-CF7D-4039-AFD0-6E91912149AC}.Debug|x86.Build.0 = Debug|Any CPU
		{0CE9AC55-CF7D-4039-AFD0-6E91912149AC}.Release|Any CPU.ActiveCfg = Release|Any CPU
		{0CE9AC55-CF7D-4039-AFD0-6E91912149AC}.Release|Any CPU.Build.0 = Release|Any CPU
		{0CE9AC55-CF7D-4039-AFD0-6E91912149AC}.Release|x64.ActiveCfg = Release|Any CPU
		{0CE9AC55-CF7D-4039-AFD0-6E91912149AC}.Release|x64.Build.0 = Release|Any CPU
		{0CE9AC55-CF7D-4039-AFD0-6E91912149AC}.Release|x86.ActiveCfg = Release|Any CPU
		{0CE9AC55-CF7D-4039-AFD0-6E91912149AC}.Release|x86.Build.0 = Release|Any CPU
		{84219D48-8354-4006-A4A4-706834677CF1}.Debug|Any CPU.ActiveCfg = Debug|Any CPU
		{84219D48-8354-4006-A4A4-706834677CF1}.Debug|Any CPU.Build.0 = Debug|Any CPU
		{84219D48-8354-4006-A4A4-706834677CF1}.Debug|x64.ActiveCfg = Debug|Any CPU
		{84219D48-8354-4006-A4A4-706834677CF1}.Debug|x64.Build.0 = Debug|Any CPU
		{84219D48-8354-4006-A4A4-706834677CF1}.Debug|x86.ActiveCfg = Debug|Any CPU
		{84219D48-8354-4006-A4A4-706834677CF1}.Debug|x86.Build.0 = Debug|Any CPU
		{84219D48-8354-4006-A4A4-706834677CF1}.Release|Any CPU.ActiveCfg = Release|Any CPU
		{84219D48-8354-4006-A4A4-706834677CF1}.Release|Any CPU.Build.0 = Release|Any CPU
		{84219D48-8354-4006-A4A4-706834677CF1}.Release|x64.ActiveCfg = Release|Any CPU
		{84219D48-8354-4006-A4A4-706834677CF1}.Release|x64.Build.0 = Release|Any CPU
		{84219D48-8354-4006-A4A4-706834677CF1}.Release|x86.ActiveCfg = Release|Any CPU
		{84219D48-8354-4006-A4A4-706834677CF1}.Release|x86.Build.0 = Release|Any CPU
		{7341B641-7654-403B-849C-5A055F373253}.Debug|Any CPU.ActiveCfg = Debug|Any CPU
		{7341B641-7654-403B-849C-5A055F373253}.Debug|Any CPU.Build.0 = Debug|Any CPU
		{7341B641-7654-403B-849C-5A055F373253}.Debug|x64.ActiveCfg = Debug|Any CPU
		{7341B641-7654-403B-849C-5A055F373253}.Debug|x64.Build.0 = Debug|Any CPU
		{7341B641-7654-403B-849C-5A055F373253}.Debug|x86.ActiveCfg = Debug|Any CPU
		{7341B641-7654-403B-849C-5A055F373253}.Debug|x86.Build.0 = Debug|Any CPU
		{7341B641-7654-403B-849C-5A055F373253}.Release|Any CPU.ActiveCfg = Release|Any CPU
		{7341B641-7654-403B-849C-5A055F373253}.Release|Any CPU.Build.0 = Release|Any CPU
		{7341B641-7654-403B-849C-5A055F373253}.Release|x64.ActiveCfg = Release|Any CPU
		{7341B641-7654-403B-849C-5A055F373253}.Release|x64.Build.0 = Release|Any CPU
		{7341B641-7654-403B-849C-5A055F373253}.Release|x86.ActiveCfg = Release|Any CPU
		{7341B641-7654-403B-849C-5A055F373253}.Release|x86.Build.0 = Release|Any CPU
		{CFB6A89E-4534-4E62-8DB1-78558CC6FD54}.Debug|Any CPU.ActiveCfg = Debug|Any CPU
		{CFB6A89E-4534-4E62-8DB1-78558CC6FD54}.Debug|Any CPU.Build.0 = Debug|Any CPU
		{CFB6A89E-4534-4E62-8DB1-78558CC6FD54}.Debug|x64.ActiveCfg = Debug|Any CPU
		{CFB6A89E-4534-4E62-8DB1-78558CC6FD54}.Debug|x64.Build.0 = Debug|Any CPU
		{CFB6A89E-4534-4E62-8DB1-78558CC6FD54}.Debug|x86.ActiveCfg = Debug|Any CPU
		{CFB6A89E-4534-4E62-8DB1-78558CC6FD54}.Debug|x86.Build.0 = Debug|Any CPU
		{CFB6A89E-4534-4E62-8DB1-78558CC6FD54}.Release|Any CPU.ActiveCfg = Release|Any CPU
		{CFB6A89E-4534-4E62-8DB1-78558CC6FD54}.Release|Any CPU.Build.0 = Release|Any CPU
		{CFB6A89E-4534-4E62-8DB1-78558CC6FD54}.Release|x64.ActiveCfg = Release|Any CPU
		{CFB6A89E-4534-4E62-8DB1-78558CC6FD54}.Release|x64.Build.0 = Release|Any CPU
		{CFB6A89E-4534-4E62-8DB1-78558CC6FD54}.Release|x86.ActiveCfg = Release|Any CPU
		{CFB6A89E-4534-4E62-8DB1-78558CC6FD54}.Release|x86.Build.0 = Release|Any CPU
		{D1314C19-E37E-4A4F-8DF7-E5868877A324}.Debug|Any CPU.ActiveCfg = Debug|Any CPU
		{D1314C19-E37E-4A4F-8DF7-E5868877A324}.Debug|Any CPU.Build.0 = Debug|Any CPU
		{D1314C19-E37E-4A4F-8DF7-E5868877A324}.Debug|x64.ActiveCfg = Debug|Any CPU
		{D1314C19-E37E-4A4F-8DF7-E5868877A324}.Debug|x64.Build.0 = Debug|Any CPU
		{D1314C19-E37E-4A4F-8DF7-E5868877A324}.Debug|x86.ActiveCfg = Debug|Any CPU
		{D1314C19-E37E-4A4F-8DF7-E5868877A324}.Debug|x86.Build.0 = Debug|Any CPU
		{D1314C19-E37E-4A4F-8DF7-E5868877A324}.Release|Any CPU.ActiveCfg = Release|Any CPU
		{D1314C19-E37E-4A4F-8DF7-E5868877A324}.Release|Any CPU.Build.0 = Release|Any CPU
		{D1314C19-E37E-4A4F-8DF7-E5868877A324}.Release|x64.ActiveCfg = Release|Any CPU
		{D1314C19-E37E-4A4F-8DF7-E5868877A324}.Release|x64.Build.0 = Release|Any CPU
		{D1314C19-E37E-4A4F-8DF7-E5868877A324}.Release|x86.ActiveCfg = Release|Any CPU
		{D1314C19-E37E-4A4F-8DF7-E5868877A324}.Release|x86.Build.0 = Release|Any CPU
		{601914D2-F1D3-429A-A3EF-2ABE1F1D79F4}.Debug|Any CPU.ActiveCfg = Debug|Any CPU
		{601914D2-F1D3-429A-A3EF-2ABE1F1D79F4}.Debug|Any CPU.Build.0 = Debug|Any CPU
		{601914D2-F1D3-429A-A3EF-2ABE1F1D79F4}.Debug|x64.ActiveCfg = Debug|Any CPU
		{601914D2-F1D3-429A-A3EF-2ABE1F1D79F4}.Debug|x64.Build.0 = Debug|Any CPU
		{601914D2-F1D3-429A-A3EF-2ABE1F1D79F4}.Debug|x86.ActiveCfg = Debug|Any CPU
		{601914D2-F1D3-429A-A3EF-2ABE1F1D79F4}.Debug|x86.Build.0 = Debug|Any CPU
		{601914D2-F1D3-429A-A3EF-2ABE1F1D79F4}.Release|Any CPU.ActiveCfg = Release|Any CPU
		{601914D2-F1D3-429A-A3EF-2ABE1F1D79F4}.Release|Any CPU.Build.0 = Release|Any CPU
		{601914D2-F1D3-429A-A3EF-2ABE1F1D79F4}.Release|x64.ActiveCfg = Release|Any CPU
		{601914D2-F1D3-429A-A3EF-2ABE1F1D79F4}.Release|x64.Build.0 = Release|Any CPU
		{601914D2-F1D3-429A-A3EF-2ABE1F1D79F4}.Release|x86.ActiveCfg = Release|Any CPU
		{601914D2-F1D3-429A-A3EF-2ABE1F1D79F4}.Release|x86.Build.0 = Release|Any CPU
		{EE34A260-1340-4E81-B583-2A82EC610FAA}.Debug|Any CPU.ActiveCfg = Debug|Any CPU
		{EE34A260-1340-4E81-B583-2A82EC610FAA}.Debug|Any CPU.Build.0 = Debug|Any CPU
		{EE34A260-1340-4E81-B583-2A82EC610FAA}.Debug|x64.ActiveCfg = Debug|Any CPU
		{EE34A260-1340-4E81-B583-2A82EC610FAA}.Debug|x64.Build.0 = Debug|Any CPU
		{EE34A260-1340-4E81-B583-2A82EC610FAA}.Debug|x86.ActiveCfg = Debug|Any CPU
		{EE34A260-1340-4E81-B583-2A82EC610FAA}.Debug|x86.Build.0 = Debug|Any CPU
		{EE34A260-1340-4E81-B583-2A82EC610FAA}.Release|Any CPU.ActiveCfg = Release|Any CPU
		{EE34A260-1340-4E81-B583-2A82EC610FAA}.Release|Any CPU.Build.0 = Release|Any CPU
		{EE34A260-1340-4E81-B583-2A82EC610FAA}.Release|x64.ActiveCfg = Release|Any CPU
		{EE34A260-1340-4E81-B583-2A82EC610FAA}.Release|x64.Build.0 = Release|Any CPU
		{EE34A260-1340-4E81-B583-2A82EC610FAA}.Release|x86.ActiveCfg = Release|Any CPU
		{EE34A260-1340-4E81-B583-2A82EC610FAA}.Release|x86.Build.0 = Release|Any CPU
		{DCBD1375-018B-4159-AE55-0024F4A1E7DF}.Debug|Any CPU.ActiveCfg = Debug|Any CPU
		{DCBD1375-018B-4159-AE55-0024F4A1E7DF}.Debug|Any CPU.Build.0 = Debug|Any CPU
		{DCBD1375-018B-4159-AE55-0024F4A1E7DF}.Debug|x64.ActiveCfg = Debug|Any CPU
		{DCBD1375-018B-4159-AE55-0024F4A1E7DF}.Debug|x64.Build.0 = Debug|Any CPU
		{DCBD1375-018B-4159-AE55-0024F4A1E7DF}.Debug|x86.ActiveCfg = Debug|Any CPU
		{DCBD1375-018B-4159-AE55-0024F4A1E7DF}.Debug|x86.Build.0 = Debug|Any CPU
		{DCBD1375-018B-4159-AE55-0024F4A1E7DF}.Release|Any CPU.ActiveCfg = Release|Any CPU
		{DCBD1375-018B-4159-AE55-0024F4A1E7DF}.Release|Any CPU.Build.0 = Release|Any CPU
		{DCBD1375-018B-4159-AE55-0024F4A1E7DF}.Release|x64.ActiveCfg = Release|Any CPU
		{DCBD1375-018B-4159-AE55-0024F4A1E7DF}.Release|x64.Build.0 = Release|Any CPU
		{DCBD1375-018B-4159-AE55-0024F4A1E7DF}.Release|x86.ActiveCfg = Release|Any CPU
		{DCBD1375-018B-4159-AE55-0024F4A1E7DF}.Release|x86.Build.0 = Release|Any CPU
		{2526A09E-8A87-4349-8A7D-8298E666C8A2}.Debug|Any CPU.ActiveCfg = Debug|Any CPU
		{2526A09E-8A87-4349-8A7D-8298E666C8A2}.Debug|Any CPU.Build.0 = Debug|Any CPU
		{2526A09E-8A87-4349-8A7D-8298E666C8A2}.Debug|x64.ActiveCfg = Debug|Any CPU
		{2526A09E-8A87-4349-8A7D-8298E666C8A2}.Debug|x64.Build.0 = Debug|Any CPU
		{2526A09E-8A87-4349-8A7D-8298E666C8A2}.Debug|x86.ActiveCfg = Debug|Any CPU
		{2526A09E-8A87-4349-8A7D-8298E666C8A2}.Debug|x86.Build.0 = Debug|Any CPU
		{2526A09E-8A87-4349-8A7D-8298E666C8A2}.Release|Any CPU.ActiveCfg = Release|Any CPU
		{2526A09E-8A87-4349-8A7D-8298E666C8A2}.Release|Any CPU.Build.0 = Release|Any CPU
		{2526A09E-8A87-4349-8A7D-8298E666C8A2}.Release|x64.ActiveCfg = Release|Any CPU
		{2526A09E-8A87-4349-8A7D-8298E666C8A2}.Release|x64.Build.0 = Release|Any CPU
		{2526A09E-8A87-4349-8A7D-8298E666C8A2}.Release|x86.ActiveCfg = Release|Any CPU
		{2526A09E-8A87-4349-8A7D-8298E666C8A2}.Release|x86.Build.0 = Release|Any CPU
		{A2380EC2-ADFF-48CD-8F36-5250B66CFFB1}.Debug|Any CPU.ActiveCfg = Debug|Any CPU
		{A2380EC2-ADFF-48CD-8F36-5250B66CFFB1}.Debug|Any CPU.Build.0 = Debug|Any CPU
		{A2380EC2-ADFF-48CD-8F36-5250B66CFFB1}.Debug|x64.ActiveCfg = Debug|Any CPU
		{A2380EC2-ADFF-48CD-8F36-5250B66CFFB1}.Debug|x64.Build.0 = Debug|Any CPU
		{A2380EC2-ADFF-48CD-8F36-5250B66CFFB1}.Debug|x86.ActiveCfg = Debug|Any CPU
		{A2380EC2-ADFF-48CD-8F36-5250B66CFFB1}.Debug|x86.Build.0 = Debug|Any CPU
		{A2380EC2-ADFF-48CD-8F36-5250B66CFFB1}.Release|Any CPU.ActiveCfg = Release|Any CPU
		{A2380EC2-ADFF-48CD-8F36-5250B66CFFB1}.Release|Any CPU.Build.0 = Release|Any CPU
		{A2380EC2-ADFF-48CD-8F36-5250B66CFFB1}.Release|x64.ActiveCfg = Release|Any CPU
		{A2380EC2-ADFF-48CD-8F36-5250B66CFFB1}.Release|x64.Build.0 = Release|Any CPU
		{A2380EC2-ADFF-48CD-8F36-5250B66CFFB1}.Release|x86.ActiveCfg = Release|Any CPU
		{A2380EC2-ADFF-48CD-8F36-5250B66CFFB1}.Release|x86.Build.0 = Release|Any CPU
	EndGlobalSection
	GlobalSection(SolutionProperties) = preSolution
		HideSolutionNode = FALSE
	EndGlobalSection
	GlobalSection(NestedProjects) = preSolution
		{D7129832-3A8B-4964-86C9-34B542F16E67} = {E4A45675-315E-47C7-B78A-C18A232E1ED2}
		{4CB57319-4B45-0F0F-B06A-3305A4AB39B8} = {F534F962-AAAE-40EE-A35B-555FE873652D}
		{EE521699-9405-4A02-BB15-CE70B6C777F6} = {4CB57319-4B45-0F0F-B06A-3305A4AB39B8}
		{BE401840-101F-408B-9941-746938B160EF} = {4CB57319-4B45-0F0F-B06A-3305A4AB39B8}
		{63DD0E8A-A939-44AE-ABE3-27265B93572D} = {4CB57319-4B45-0F0F-B06A-3305A4AB39B8}
		{E8386D6F-B44D-44B5-B8E4-E3B347DF3B6D} = {4CB57319-4B45-0F0F-B06A-3305A4AB39B8}
		{CA668CC8-0583-4936-A618-19BF2B21A37F} = {58ECD902-1531-469B-AF92-68B2C1AFE6B6}
		{195FA79E-F58A-6727-D9F1-353F0F3DAA10} = {F534F962-AAAE-40EE-A35B-555FE873652D}
		{683E4486-FBB7-4D30-893E-6EC8C3B73DCA} = {195FA79E-F58A-6727-D9F1-353F0F3DAA10}
		{368783A1-C5CF-4A66-B2B7-AF95696228DC} = {195FA79E-F58A-6727-D9F1-353F0F3DAA10}
		{09E5BB05-59A1-4208-B80B-3FFB8E4DC2B5} = {195FA79E-F58A-6727-D9F1-353F0F3DAA10}
		{D65B596F-4375-4077-A966-36B3074963EC} = {195FA79E-F58A-6727-D9F1-353F0F3DAA10}
		{FB291D4F-C7AB-5F26-60A6-57BB05F33F3F} = {F534F962-AAAE-40EE-A35B-555FE873652D}
		{72432406-9AD4-4588-8AE3-A7B0121A7227} = {FB291D4F-C7AB-5F26-60A6-57BB05F33F3F}
		{768E22D3-25E6-4121-9F08-45F5CD603E9B} = {FB291D4F-C7AB-5F26-60A6-57BB05F33F3F}
		{615068FC-34E2-4680-BCFB-67E95276550D} = {FB291D4F-C7AB-5F26-60A6-57BB05F33F3F}
		{DC49EBA1-56FE-492C-958E-CDB8E35DD262} = {FB291D4F-C7AB-5F26-60A6-57BB05F33F3F}
		{D8674760-8D82-DEC7-B480-99105B97EDC3} = {F534F962-AAAE-40EE-A35B-555FE873652D}
		{3DC3DF70-980B-46C0-9F19-179677AE6ECE} = {D8674760-8D82-DEC7-B480-99105B97EDC3}
		{0D95F247-9626-4178-9FE3-D612CAC9D7DE} = {D8674760-8D82-DEC7-B480-99105B97EDC3}
		{7D867719-EEDD-47B3-8E06-DE266E83F6F4} = {D8674760-8D82-DEC7-B480-99105B97EDC3}
		{2B8EDD05-F2B8-4659-BAFE-ADAD455B4F60} = {D8674760-8D82-DEC7-B480-99105B97EDC3}
		{6AED2A6A-F2C5-48E0-975D-E6B5B4533AA3} = {02EA681E-C7D8-13C7-8484-4AC65E1B71E8}
		{16AEA5A1-2CE2-402B-874C-1A3DDAFFCB9F} = {02EA681E-C7D8-13C7-8484-4AC65E1B71E8}
		{0CE9AC55-CF7D-4039-AFD0-6E91912149AC} = {02EA681E-C7D8-13C7-8484-4AC65E1B71E8}
		{84219D48-8354-4006-A4A4-706834677CF1} = {02EA681E-C7D8-13C7-8484-4AC65E1B71E8}
		{7341B641-7654-403B-849C-5A055F373253} = {A8A18466-797A-44AB-B765-E1675C1F3B2F}
		{CFB6A89E-4534-4E62-8DB1-78558CC6FD54} = {A8A18466-797A-44AB-B765-E1675C1F3B2F}
		{D1314C19-E37E-4A4F-8DF7-E5868877A324} = {A8A18466-797A-44AB-B765-E1675C1F3B2F}
		{601914D2-F1D3-429A-A3EF-2ABE1F1D79F4} = {A8A18466-797A-44AB-B765-E1675C1F3B2F}
		{EE34A260-1340-4E81-B583-2A82EC610FAA} = {939481DD-7DA0-4431-A4D7-1E0E117EEB03}
		{DCBD1375-018B-4159-AE55-0024F4A1E7DF} = {939481DD-7DA0-4431-A4D7-1E0E117EEB03}
		{2526A09E-8A87-4349-8A7D-8298E666C8A2} = {939481DD-7DA0-4431-A4D7-1E0E117EEB03}
		{A2380EC2-ADFF-48CD-8F36-5250B66CFFB1} = {939481DD-7DA0-4431-A4D7-1E0E117EEB03}
		{02EA681E-C7D8-13C7-8484-4AC65E1B71E8} = {F534F962-AAAE-40EE-A35B-555FE873652D}
		{A8A18466-797A-44AB-B765-E1675C1F3B2F} = {F534F962-AAAE-40EE-A35B-555FE873652D}
		{939481DD-7DA0-4431-A4D7-1E0E117EEB03} = {F534F962-AAAE-40EE-A35B-555FE873652D}
	EndGlobalSection
	GlobalSection(ExtensibilityGlobals) = postSolution
		SolutionGuid = {E95A2AE0-394D-48C0-9A09-15951FF7B83A}
	EndGlobalSection
EndGlobal
